<?xml version="1.0" encoding="utf-8"?>
<Project ToolsVersion="4.0" xmlns="http://schemas.microsoft.com/developer/msbuild/2003">
  <ItemGroup>
    <Filter Include="Source Files">
      <UniqueIdentifier>{4FC737F1-C7A5-4376-A066-2A32D752A2FF}</UniqueIdentifier>
      <Extensions>cpp;c;cc;cxx;c++;cppm;ixx;def;odl;idl;hpj;bat;asm;asmx</Extensions>
    </Filter>
  </ItemGroup>
  <ItemGroup>
    <ClCompile Include="src\EditorApplication.cpp">
      <Filter>Source Files</Filter>
    </ClCompile>
    <ClCompile Include="src\EditorSystem.cpp">
      <Filter>Source Files</Filter>
    </ClCompile>
    <ClCompile Include="src\PanelManager.cpp">
      <Filter>Source Files</Filter>
    </ClCompile>
    <ClCompile Include="src\ConsolePanel.cpp">
      <Filter>Source Files</Filter>
    </ClCompile>
    <ClCompile Include="src\ContentBrowserPanel.cpp">
      <Filter>Source Files</Filter>
    </ClCompile>
    <ClCompile Include="src\InspectorPanel.cpp">
      <Filter>Source Files</Filter>
    </ClCompile>
    <ClCompile Include="src\MenuBarPanel.cpp">
      <Filter>Source Files</Filter>
    </ClCompile>
    <ClCompile Include="src\SceneHierarchyPanel.cpp">
      <Filter>Source Files</Filter>
    </ClCompile>
    <ClCompile Include="src\ViewportPanel.cpp">
      <Filter>Source Files</Filter>
    </ClCompile>
    <ClCompile Include="src\EditorCamera.cpp">
      <Filter>Source Files</Filter>
    </ClCompile>
    <ClCompile Include="src\SelectionManager.cpp">
      <Filter>Source Files</Filter>
    </ClCompile>
  </ItemGroup>
  <ItemGroup>
    <ClInclude Include="src\EditorSystem.h">
      <Filter>Source Files</Filter>
    </ClInclude>
    <ClInclude Include="src\PanelManager.h">
      <Filter>Source Files</Filter>
    </ClInclude>
    <ClInclude Include="src\ConsolePanel.h">
      <Filter>Source Files</Filter>
    </ClInclude>
    <ClInclude Include="src\ContentBrowserPanel.h">
      <Filter>Source Files</Filter>
    </ClInclude>
    <ClInclude Include="src\EditorCamera.h">
      <Filter>Source Files</Filter>
    </ClInclude>
    <ClInclude Include="src\InspectorPanel.h">
      <Filter>Source Files</Filter>
    </ClInclude>
    <ClInclude Include="src\MenuBarPanel.h">
      <Filter>Source Files</Filter>
    </ClInclude>
    <ClInclude Include="src\Panel.h">
      <Filter>Source Files</Filter>
    </ClInclude>
    <ClInclude Include="src\SceneHierarchyPanel.h">
      <Filter>Source Files</Filter>
    </ClInclude>
    <ClInclude Include="src\SelectionManager.h">
      <Filter>Source Files</Filter>
    </ClInclude>
    <ClInclude Include="src\ViewportPanel.h">
      <Filter>Source Files</Filter>
    </ClInclude>
  </ItemGroup>
</Project>