<?xml version="1.0" encoding="utf-8"?>
<Project ToolsVersion="4.0" xmlns="http://schemas.microsoft.com/developer/msbuild/2003">
  <ItemGroup>
    <Filter Include="Core">
      <UniqueIdentifier>{2EB4837C-1AEB-840D-C3D7-6A10AFED000F}</UniqueIdentifier>
    </Filter>
    <Filter Include="Editor">
      <UniqueIdentifier>{8C1A20B0-78BC-4A86-6177-5EDA4DB8D1D6}</UniqueIdentifier>
    </Filter>
    <Filter Include="Graphics">
      <UniqueIdentifier>{1653CE33-0220-293F-2B39-17E717655ECD}</UniqueIdentifier>
    </Filter>
    <Filter Include="Physics">
      <UniqueIdentifier>{888B590D-F46A-D8A8-FD82-637F69E13E0A}</UniqueIdentifier>
    </Filter>
    <Filter Include="Scripting">
      <UniqueIdentifier>{985A7358-04C5-27CF-4D03-D974B9AC0524}</UniqueIdentifier>
    </Filter>
  </ItemGroup>
  <ItemGroup>
    <ClInclude Include="Core\ComponentManager.h">
      <Filter>Core</Filter>
    </ClInclude>
    <ClInclude Include="Core\ECS.h">
      <Filter>Core</Filter>
    </ClInclude>
    <ClInclude Include="Core\Engine.h">
      <Filter>Core</Filter>
    </ClInclude>
    <ClInclude Include="Core\SceneManager.h">
      <Filter>Core</Filter>
    </ClInclude>
    <ClInclude Include="Core\System.h">
      <Filter>Core</Filter>
    </ClInclude>
    <ClInclude Include="Core\SystemManager.h">
      <Filter>Core</Filter>
    </ClInclude>
    <ClInclude Include="Core\Transform.h">
      <Filter>Core</Filter>
    </ClInclude>
    <ClInclude Include="Core\Window.h">
      <Filter>Core</Filter>
    </ClInclude>
    <ClInclude Include="Core\entt.hpp">
      <Filter>Core</Filter>
    </ClInclude>
    <ClInclude Include="Editor\ImGuizmo.h">
      <Filter>Editor</Filter>
    </ClInclude>
    <ClInclude Include="EntryPoint.h" />
    <ClInclude Include="Graphics\Buffer.h">
      <Filter>Graphics</Filter>
    </ClInclude>
    <ClInclude Include="Graphics\Camera.h">
      <Filter>Graphics</Filter>
    </ClInclude>
    <ClInclude Include="Graphics\Descriptor.h">
      <Filter>Graphics</Filter>
    </ClInclude>
    <ClInclude Include="Graphics\Device.h">
      <Filter>Graphics</Filter>
    </ClInclude>
    <ClInclude Include="Graphics\FrameBuffer.h">
      <Filter>Graphics</Filter>
    </ClInclude>
    <ClInclude Include="Graphics\Image.h">
      <Filter>Graphics</Filter>
    </ClInclude>
    <ClInclude Include="Graphics\MeshRenderer.h">
      <Filter>Graphics</Filter>
    </ClInclude>
    <ClInclude Include="Graphics\PhysicalDevice.h">
      <Filter>Graphics</Filter>
    </ClInclude>
    <ClInclude Include="Graphics\RenderObject.h">
      <Filter>Graphics</Filter>
    </ClInclude>
    <ClInclude Include="Graphics\RenderPass.h">
      <Filter>Graphics</Filter>
    </ClInclude>
    <ClInclude Include="Graphics\Renderer.h">
      <Filter>Graphics</Filter>
    </ClInclude>
    <ClInclude Include="Graphics\RendererContext.h">
      <Filter>Graphics</Filter>
    </ClInclude>
    <ClInclude Include="Graphics\Shader.h">
      <Filter>Graphics</Filter>
    </ClInclude>
    <ClInclude Include="Graphics\SwapChain.h">
      <Filter>Graphics</Filter>
    </ClInclude>
    <ClInclude Include="Graphics\VulkanEditor.h">
      <Filter>Graphics</Filter>
    </ClInclude>
    <ClInclude Include="Physics\PhysicsSystem.h">
      <Filter>Physics</Filter>
    </ClInclude>
    <ClInclude Include="Scripting\ScriptEngine.h">
      <Filter>Scripting</Filter>
    </ClInclude>
    <ClInclude Include="TREIncludes.h" />
    <ClInclude Include="pch.h" />
    <ClInclude Include="Graphics\Pipeline.h">
      <Filter>Graphics</Filter>
    </ClInclude>
  </ItemGroup>
  <ItemGroup>
    <ClCompile Include="Core\ECS.cpp">
      <Filter>Core</Filter>
    </ClCompile>
    <ClCompile Include="Core\Engine.cpp">
      <Filter>Core</Filter>
    </ClCompile>
    <ClCompile Include="Core\SceneManager.cpp">
      <Filter>Core</Filter>
    </ClCompile>
    <ClCompile Include="Core\Transform.cpp">
      <Filter>Core</Filter>
    </ClCompile>
    <ClCompile Include="Core\Window.cpp">
      <Filter>Core</Filter>
    </ClCompile>
    <ClCompile Include="Editor\ImGuizmo.cpp">
      <Filter>Editor</Filter>
    </ClCompile>
    <ClCompile Include="Editor\ImguiBuildBackend.cpp">
      <Filter>Editor</Filter>
    </ClCompile>
    <ClCompile Include="Graphics\Buffer.cpp">
      <Filter>Graphics</Filter>
    </ClCompile>
    <ClCompile Include="Graphics\Camera.cpp">
      <Filter>Graphics</Filter>
    </ClCompile>
    <ClCompile Include="Graphics\Descriptor.cpp">
      <Filter>Graphics</Filter>
    </ClCompile>
    <ClCompile Include="Graphics\Device.cpp">
      <Filter>Graphics</Filter>
    </ClCompile>
    <ClCompile Include="Graphics\FrameBuffer.cpp">
      <Filter>Graphics</Filter>
    </ClCompile>
    <ClCompile Include="Graphics\Image.cpp">
      <Filter>Graphics</Filter>
    </ClCompile>
    <ClCompile Include="Graphics\MeshRenderer.cpp">
      <Filter>Graphics</Filter>
    </ClCompile>
    <ClCompile Include="Graphics\PhysicalDevice.cpp">
      <Filter>Graphics</Filter>
    </ClCompile>
    <ClCompile Include="Graphics\RenderObject.cpp">
      <Filter>Graphics</Filter>
    </ClCompile>
    <ClCompile Include="Graphics\RenderPass.cpp">
      <Filter>Graphics</Filter>
    </ClCompile>
    <ClCompile Include="Graphics\Renderer.cpp">
      <Filter>Graphics</Filter>
    </ClCompile>
    <ClCompile Include="Graphics\RendererContext.cpp">
      <Filter>Graphics</Filter>
    </ClCompile>
    <ClCompile Include="Graphics\Shader.cpp">
      <Filter>Graphics</Filter>
    </ClCompile>
    <ClCompile Include="Graphics\SwapChain.cpp">
      <Filter>Graphics</Filter>
    </ClCompile>
    <ClCompile Include="Graphics\VulkanEditor.cpp">
      <Filter>Graphics</Filter>
    </ClCompile>
    <ClCompile Include="Physics\PhysicsSystem.cpp">
      <Filter>Physics</Filter>
    </ClCompile>
    <ClCompile Include="Scripting\ScriptEngine.cpp">
      <Filter>Scripting</Filter>
    </ClCompile>
    <ClCompile Include="pch.cpp" />
    <ClCompile Include="Graphics\Pipeline.cpp">
      <Filter>Graphics</Filter>
    </ClCompile>
  </ItemGroup>
</Project>