
Microsoft Visual Studio Solution File, Format Version 12.00
# Visual Studio Version 16
Project("{8BC9CEB8-8B4A-11D0-8D11-00A0C91BC942}") = "TheRegularEditor", "TheRegularEditor\TheRegularEditor.vcxproj", "{FFDC4E4B-EBD5-6D9D-1408-532200604DA9}"
EndProject
Project("{2150E333-8FDC-42A3-9474-1A3956D46DE8}") = "Dependencies", "Dependencies", "{53E47842-3FC8-3998-A828-34EB942B241A}"
EndProject
Project("{8BC9CEB8-8B4A-11D0-8D11-00A0C91BC942}") = "ImGui", "Dependencies\ImGui\ImGui.vcxproj", "{C0FF640D-2C14-8DBE-F595-301E616989EF}"
EndProject
Project("{8BC9CEB8-8B4A-11D0-8D11-00A0C91BC942}") = "Math", "Dependencies\Math\Math.vcxproj", "{AFF4887C-9B2B-8A0D-4418-7010302E060F}"
EndProject
Project("{8BC9CEB8-8B4A-11D0-8D11-00A0C91BC942}") = "MeshOptimizer", "Dependencies\MeshOptimizer\MeshOptimizer.vcxproj", "{35B4FA56-A174-768D-6AAF-BF0AD62EBB69}"
EndProject
Project("{FAE04EC0-301F-11D3-BF4B-00C04F79EFBC}") = "TRE-ScriptCore", "TRE-ScriptCore\TRE-ScriptCore.csproj", "{7BF3E9BD-67C1-DDC3-5055-4EEA3CC2B928}"
EndProject
Project("{8BC9CEB8-8B4A-11D0-8D11-00A0C91BC942}") = "TheRegularEngine", "TheRegularEngine\TheRegularEngine.vcxproj", "{4E8A024C-3A83-219E-63B5-06234F0D01AA}"
EndProject
Global
	GlobalSection(SolutionConfigurationPlatforms) = preSolution
		Debug|Mixed Platforms = Debug|Mixed Platforms
		Release|Mixed Platforms = Release|Mixed Platforms
	EndGlobalSection
	GlobalSection(ProjectConfigurationPlatforms) = postSolution
		{FFDC4E4B-EBD5-6D9D-1408-532200604DA9}.Debug|Mixed Platforms.ActiveCfg = Debug|x64
		{FFDC4E4B-EBD5-6D9D-1408-532200604DA9}.Debug|Mixed Platforms.Build.0 = Debug|x64
		{FFDC4E4B-EBD5-6D9D-1408-532200604DA9}.Release|Mixed Platforms.ActiveCfg = Release|x64
		{FFDC4E4B-EBD5-6D9D-1408-532200604DA9}.Release|Mixed Platforms.Build.0 = Release|x64
		{C0FF640D-2C14-8DBE-F595-301E616989EF}.Debug|Mixed Platforms.ActiveCfg = Debug|x64
		{C0FF640D-2C14-8DBE-F595-301E616989EF}.Debug|Mixed Platforms.Build.0 = Debug|x64
		{C0FF640D-2C14-8DBE-F595-301E616989EF}.Release|Mixed Platforms.ActiveCfg = Release|x64
		{C0FF640D-2C14-8DBE-F595-301E616989EF}.Release|Mixed Platforms.Build.0 = Release|x64
		{AFF4887C-9B2B-8A0D-4418-7010302E060F}.Debug|Mixed Platforms.ActiveCfg = Debug|x64
		{AFF4887C-9B2B-8A0D-4418-7010302E060F}.Debug|Mixed Platforms.Build.0 = Debug|x64
		{AFF4887C-9B2B-8A0D-4418-7010302E060F}.Release|Mixed Platforms.ActiveCfg = Release|x64
		{AFF4887C-9B2B-8A0D-4418-7010302E060F}.Release|Mixed Platforms.Build.0 = Release|x64
		{35B4FA56-A174-768D-6AAF-BF0AD62EBB69}.Debug|Mixed Platforms.ActiveCfg = Debug|x64
		{35B4FA56-A174-768D-6AAF-BF0AD62EBB69}.Debug|Mixed Platforms.Build.0 = Debug|x64
		{35B4FA56-A174-768D-6AAF-BF0AD62EBB69}.Release|Mixed Platforms.ActiveCfg = Release|x64
		{35B4FA56-A174-768D-6AAF-BF0AD62EBB69}.Release|Mixed Platforms.Build.0 = Release|x64
		{7BF3E9BD-67C1-DDC3-5055-4EEA3CC2B928}.Debug|Mixed Platforms.ActiveCfg = Debug|Any CPU
		{7BF3E9BD-67C1-DDC3-5055-4EEA3CC2B928}.Debug|Mixed Platforms.Build.0 = Debug|Any CPU
		{7BF3E9BD-67C1-DDC3-5055-4EEA3CC2B928}.Release|Mixed Platforms.ActiveCfg = Release|Any CPU
		{7BF3E9BD-67C1-DDC3-5055-4EEA3CC2B928}.Release|Mixed Platforms.Build.0 = Release|Any CPU
		{4E8A024C-3A83-219E-63B5-06234F0D01AA}.Debug|Mixed Platforms.ActiveCfg = Debug|x64
		{4E8A024C-3A83-219E-63B5-06234F0D01AA}.Debug|Mixed Platforms.Build.0 = Debug|x64
		{4E8A024C-3A83-219E-63B5-06234F0D01AA}.Release|Mixed Platforms.ActiveCfg = Release|x64
		{4E8A024C-3A83-219E-63B5-06234F0D01AA}.Release|Mixed Platforms.Build.0 = Release|x64
	EndGlobalSection
	GlobalSection(SolutionProperties) = preSolution
		HideSolutionNode = FALSE
	EndGlobalSection
	GlobalSection(NestedProjects) = preSolution
		{C0FF640D-2C14-8DBE-F595-301E616989EF} = {53E47842-3FC8-3998-A828-34EB942B241A}
		{AFF4887C-9B2B-8A0D-4418-7010302E060F} = {53E47842-3FC8-3998-A828-34EB942B241A}
		{35B4FA56-A174-768D-6AAF-BF0AD62EBB69} = {53E47842-3FC8-3998-A828-34EB942B241A}
	EndGlobalSection
EndGlobal
